// !$*UTF8*$!
{
	archiveVersion = 1;
	classes = {
	};
	objectVersion = 46;
	objects = {

/* Begin PBXBuildFile section */
		250AF1781F1A8430006039FD /* AppDelegate.swift in Sources */ = {isa = PBXBuildFile; fileRef = 250AF1771F1A8430006039FD /* AppDelegate.swift */; };
		250AF17A1F1A8430006039FD /* LoginViewController.swift in Sources */ = {isa = PBXBuildFile; fileRef = 250AF1791F1A8430006039FD /* LoginViewController.swift */; };
		250AF17D1F1A8430006039FD /* Login.storyboard in Resources */ = {isa = PBXBuildFile; fileRef = 250AF17B1F1A8430006039FD /* Login.storyboard */; };
		250AF17F1F1A8430006039FD /* Assets.xcassets in Resources */ = {isa = PBXBuildFile; fileRef = 250AF17E1F1A8430006039FD /* Assets.xcassets */; };
		250AF1821F1A8430006039FD /* LaunchScreen.storyboard in Resources */ = {isa = PBXBuildFile; fileRef = 250AF1801F1A8430006039FD /* LaunchScreen.storyboard */; };
		253236E21F1A9D3600C98DA2 /* CircularImage.swift in Sources */ = {isa = PBXBuildFile; fileRef = 253236E11F1A9D3600C98DA2 /* CircularImage.swift */; };
		253236E61F1AA42500C98DA2 /* ProfileViewController.swift in Sources */ = {isa = PBXBuildFile; fileRef = 253236E41F1AA42500C98DA2 /* ProfileViewController.swift */; };
		253236E91F1AA43C00C98DA2 /* Profile.storyboard in Resources */ = {isa = PBXBuildFile; fileRef = 253236E81F1AA43C00C98DA2 /* Profile.storyboard */; };
		253236ED1F1AA89A00C98DA2 /* ProfileAvatarTableViewCell.swift in Sources */ = {isa = PBXBuildFile; fileRef = 253236EB1F1AA89A00C98DA2 /* ProfileAvatarTableViewCell.swift */; };
		253236EE1F1AA89A00C98DA2 /* ProfileAvatarTableViewCell.xib in Resources */ = {isa = PBXBuildFile; fileRef = 253236EC1F1AA89A00C98DA2 /* ProfileAvatarTableViewCell.xib */; };
		253236F11F1AB08D00C98DA2 /* ProfileNameLastnameTableViewCell.swift in Sources */ = {isa = PBXBuildFile; fileRef = 253236EF1F1AB08D00C98DA2 /* ProfileNameLastnameTableViewCell.swift */; };
		253236F21F1AB08D00C98DA2 /* ProfileNameLastnameTableViewCell.xib in Resources */ = {isa = PBXBuildFile; fileRef = 253236F01F1AB08D00C98DA2 /* ProfileNameLastnameTableViewCell.xib */; };
		253236F51F1AC5AE00C98DA2 /* ProfileCalendarPlacesButtonsTableViewCell.swift in Sources */ = {isa = PBXBuildFile; fileRef = 253236F31F1AC5AE00C98DA2 /* ProfileCalendarPlacesButtonsTableViewCell.swift */; };
		253236F61F1AC5AE00C98DA2 /* ProfileCalendarPlacesButtonsTableViewCell.xib in Resources */ = {isa = PBXBuildFile; fileRef = 253236F41F1AC5AE00C98DA2 /* ProfileCalendarPlacesButtonsTableViewCell.xib */; };
		253236F91F1ACEBD00C98DA2 /* Calendar.storyboard in Resources */ = {isa = PBXBuildFile; fileRef = 253236F81F1ACEBD00C98DA2 /* Calendar.storyboard */; };
		253236FB1F1ACED800C98DA2 /* CalendarViewController.swift in Sources */ = {isa = PBXBuildFile; fileRef = 253236FA1F1ACED800C98DA2 /* CalendarViewController.swift */; };
		257A01511F1AD9A1003A9FF1 /* CalendarTableViewCell.swift in Sources */ = {isa = PBXBuildFile; fileRef = 257A014F1F1AD9A1003A9FF1 /* CalendarTableViewCell.swift */; };
		257A01521F1AD9A1003A9FF1 /* CalendarTableViewCell.xib in Resources */ = {isa = PBXBuildFile; fileRef = 257A01501F1AD9A1003A9FF1 /* CalendarTableViewCell.xib */; };
		257A01541F1ADE32003A9FF1 /* UIColorHex.swift in Sources */ = {isa = PBXBuildFile; fileRef = 257A01531F1ADE32003A9FF1 /* UIColorHex.swift */; };
		257A01561F1AE078003A9FF1 /* BorderedButton.swift in Sources */ = {isa = PBXBuildFile; fileRef = 257A01551F1AE078003A9FF1 /* BorderedButton.swift */; };
		257A01591F1AF067003A9FF1 /* Events.storyboard in Resources */ = {isa = PBXBuildFile; fileRef = 257A01581F1AF067003A9FF1 /* Events.storyboard */; };
		257A015B1F1AF09C003A9FF1 /* EventsViewController.swift in Sources */ = {isa = PBXBuildFile; fileRef = 257A015A1F1AF09C003A9FF1 /* EventsViewController.swift */; };
		339DB2F9FB136F60F81BFBA2 /* Pods_Hackathon2017.framework in Frameworks */ = {isa = PBXBuildFile; fileRef = 9DD18AA911F76C2C9FE3C635 /* Pods_Hackathon2017.framework */; };
/* End PBXBuildFile section */

/* Begin PBXFileReference section */
		08E9CE60A9E328BD1AEA3000 /* Pods-Hackathon2017.debug.xcconfig */ = {isa = PBXFileReference; includeInIndex = 1; lastKnownFileType = text.xcconfig; name = "Pods-Hackathon2017.debug.xcconfig"; path = "Pods/Target Support Files/Pods-Hackathon2017/Pods-Hackathon2017.debug.xcconfig"; sourceTree = "<group>"; };
		250AF1741F1A8430006039FD /* Hackathon2017.app */ = {isa = PBXFileReference; explicitFileType = wrapper.application; includeInIndex = 0; path = Hackathon2017.app; sourceTree = BUILT_PRODUCTS_DIR; };
		250AF1771F1A8430006039FD /* AppDelegate.swift */ = {isa = PBXFileReference; lastKnownFileType = sourcecode.swift; path = AppDelegate.swift; sourceTree = "<group>"; };
		250AF1791F1A8430006039FD /* LoginViewController.swift */ = {isa = PBXFileReference; lastKnownFileType = sourcecode.swift; path = LoginViewController.swift; sourceTree = "<group>"; };
		250AF17C1F1A8430006039FD /* Base */ = {isa = PBXFileReference; lastKnownFileType = file.storyboard; name = Base; path = Base.lproj/Login.storyboard; sourceTree = "<group>"; };
		250AF17E1F1A8430006039FD /* Assets.xcassets */ = {isa = PBXFileReference; lastKnownFileType = folder.assetcatalog; path = Assets.xcassets; sourceTree = "<group>"; };
		250AF1811F1A8430006039FD /* Base */ = {isa = PBXFileReference; lastKnownFileType = file.storyboard; name = Base; path = Base.lproj/LaunchScreen.storyboard; sourceTree = "<group>"; };
		250AF1831F1A8430006039FD /* Info.plist */ = {isa = PBXFileReference; lastKnownFileType = text.plist.xml; path = Info.plist; sourceTree = "<group>"; };
		253236E11F1A9D3600C98DA2 /* CircularImage.swift */ = {isa = PBXFileReference; fileEncoding = 4; lastKnownFileType = sourcecode.swift; path = CircularImage.swift; sourceTree = "<group>"; };
		253236E41F1AA42500C98DA2 /* ProfileViewController.swift */ = {isa = PBXFileReference; fileEncoding = 4; lastKnownFileType = sourcecode.swift; path = ProfileViewController.swift; sourceTree = "<group>"; };
		253236E81F1AA43C00C98DA2 /* Profile.storyboard */ = {isa = PBXFileReference; fileEncoding = 4; lastKnownFileType = file.storyboard; path = Profile.storyboard; sourceTree = "<group>"; };
		253236EB1F1AA89A00C98DA2 /* ProfileAvatarTableViewCell.swift */ = {isa = PBXFileReference; fileEncoding = 4; lastKnownFileType = sourcecode.swift; path = ProfileAvatarTableViewCell.swift; sourceTree = "<group>"; };
		253236EC1F1AA89A00C98DA2 /* ProfileAvatarTableViewCell.xib */ = {isa = PBXFileReference; fileEncoding = 4; lastKnownFileType = file.xib; path = ProfileAvatarTableViewCell.xib; sourceTree = "<group>"; };
		253236EF1F1AB08D00C98DA2 /* ProfileNameLastnameTableViewCell.swift */ = {isa = PBXFileReference; fileEncoding = 4; lastKnownFileType = sourcecode.swift; path = ProfileNameLastnameTableViewCell.swift; sourceTree = "<group>"; };
		253236F01F1AB08D00C98DA2 /* ProfileNameLastnameTableViewCell.xib */ = {isa = PBXFileReference; fileEncoding = 4; lastKnownFileType = file.xib; path = ProfileNameLastnameTableViewCell.xib; sourceTree = "<group>"; };
		253236F31F1AC5AE00C98DA2 /* ProfileCalendarPlacesButtonsTableViewCell.swift */ = {isa = PBXFileReference; fileEncoding = 4; lastKnownFileType = sourcecode.swift; path = ProfileCalendarPlacesButtonsTableViewCell.swift; sourceTree = "<group>"; };
		253236F41F1AC5AE00C98DA2 /* ProfileCalendarPlacesButtonsTableViewCell.xib */ = {isa = PBXFileReference; fileEncoding = 4; lastKnownFileType = file.xib; path = ProfileCalendarPlacesButtonsTableViewCell.xib; sourceTree = "<group>"; };
		253236F81F1ACEBD00C98DA2 /* Calendar.storyboard */ = {isa = PBXFileReference; fileEncoding = 4; lastKnownFileType = file.storyboard; path = Calendar.storyboard; sourceTree = "<group>"; };
		253236FA1F1ACED800C98DA2 /* CalendarViewController.swift */ = {isa = PBXFileReference; fileEncoding = 4; lastKnownFileType = sourcecode.swift; path = CalendarViewController.swift; sourceTree = "<group>"; };
		257A014F1F1AD9A1003A9FF1 /* CalendarTableViewCell.swift */ = {isa = PBXFileReference; fileEncoding = 4; lastKnownFileType = sourcecode.swift; path = CalendarTableViewCell.swift; sourceTree = "<group>"; };
		257A01501F1AD9A1003A9FF1 /* CalendarTableViewCell.xib */ = {isa = PBXFileReference; fileEncoding = 4; lastKnownFileType = file.xib; path = CalendarTableViewCell.xib; sourceTree = "<group>"; };
		257A01531F1ADE32003A9FF1 /* UIColorHex.swift */ = {isa = PBXFileReference; fileEncoding = 4; lastKnownFileType = sourcecode.swift; path = UIColorHex.swift; sourceTree = "<group>"; };
		257A01551F1AE078003A9FF1 /* BorderedButton.swift */ = {isa = PBXFileReference; fileEncoding = 4; lastKnownFileType = sourcecode.swift; path = BorderedButton.swift; sourceTree = "<group>"; };
		257A01581F1AF067003A9FF1 /* Events.storyboard */ = {isa = PBXFileReference; fileEncoding = 4; lastKnownFileType = file.storyboard; path = Events.storyboard; sourceTree = "<group>"; };
		257A015A1F1AF09C003A9FF1 /* EventsViewController.swift */ = {isa = PBXFileReference; fileEncoding = 4; lastKnownFileType = sourcecode.swift; path = EventsViewController.swift; sourceTree = "<group>"; };
		9DD18AA911F76C2C9FE3C635 /* Pods_Hackathon2017.framework */ = {isa = PBXFileReference; explicitFileType = wrapper.framework; includeInIndex = 0; path = Pods_Hackathon2017.framework; sourceTree = BUILT_PRODUCTS_DIR; };
		C47F9F3A5B8E363A7EE2BCB7 /* Pods-Hackathon2017.release.xcconfig */ = {isa = PBXFileReference; includeInIndex = 1; lastKnownFileType = text.xcconfig; name = "Pods-Hackathon2017.release.xcconfig"; path = "Pods/Target Support Files/Pods-Hackathon2017/Pods-Hackathon2017.release.xcconfig"; sourceTree = "<group>"; };
/* End PBXFileReference section */

/* Begin PBXFrameworksBuildPhase section */
		250AF1711F1A8430006039FD /* Frameworks */ = {
			isa = PBXFrameworksBuildPhase;
			buildActionMask = 2147483647;
			files = (
				339DB2F9FB136F60F81BFBA2 /* Pods_Hackathon2017.framework in Frameworks */,
			);
			runOnlyForDeploymentPostprocessing = 0;
		};
/* End PBXFrameworksBuildPhase section */

/* Begin PBXGroup section */
		250AF16B1F1A8430006039FD = {
			isa = PBXGroup;
			children = (
				250AF1761F1A8430006039FD /* Hackathon2017 */,
				250AF1751F1A8430006039FD /* Products */,
				621679687423A697073D788E /* Pods */,
				BE42EC331B37B4F9A5A2F07E /* Frameworks */,
			);
			sourceTree = "<group>";
		};
		250AF1751F1A8430006039FD /* Products */ = {
			isa = PBXGroup;
			children = (
				250AF1741F1A8430006039FD /* Hackathon2017.app */,
			);
			name = Products;
			sourceTree = "<group>";
		};
		250AF1761F1A8430006039FD /* Hackathon2017 */ = {
			isa = PBXGroup;
			children = (
				253236DF1F1A9AD400C98DA2 /* Source */,
				253236DE1F1A9AC600C98DA2 /* Views */,
				253236DD1F1A9ABC00C98DA2 /* Supporting Files */,
				253236DC1F1A9A8300C98DA2 /* Backend */,
				253236DB1F1A9A7B00C98DA2 /* Helpers */,
			);
			path = Hackathon2017;
			sourceTree = "<group>";
		};
		253236DB1F1A9A7B00C98DA2 /* Helpers */ = {
			isa = PBXGroup;
			children = (
				257A01531F1ADE32003A9FF1 /* UIColorHex.swift */,
			);
			name = Helpers;
			sourceTree = "<group>";
		};
		253236DC1F1A9A8300C98DA2 /* Backend */ = {
			isa = PBXGroup;
			children = (
			);
			name = Backend;
			sourceTree = "<group>";
		};
		253236DD1F1A9ABC00C98DA2 /* Supporting Files */ = {
			isa = PBXGroup;
			children = (
				250AF1771F1A8430006039FD /* AppDelegate.swift */,
				250AF17E1F1A8430006039FD /* Assets.xcassets */,
				250AF1801F1A8430006039FD /* LaunchScreen.storyboard */,
				250AF1831F1A8430006039FD /* Info.plist */,
			);
			name = "Supporting Files";
			sourceTree = "<group>";
		};
		253236DE1F1A9AC600C98DA2 /* Views */ = {
			isa = PBXGroup;
			children = (
				253236E11F1A9D3600C98DA2 /* CircularImage.swift */,
				257A01551F1AE078003A9FF1 /* BorderedButton.swift */,
			);
			name = Views;
			sourceTree = "<group>";
		};
		253236DF1F1A9AD400C98DA2 /* Source */ = {
			isa = PBXGroup;
			children = (
				257A01571F1AF050003A9FF1 /* Events */,
				253236F71F1ACDD300C98DA2 /* Calendar */,
				253236E31F1AA40F00C98DA2 /* Profile */,
				253236E01F1A9B2E00C98DA2 /* Login */,
			);
			name = Source;
			sourceTree = "<group>";
		};
		253236E01F1A9B2E00C98DA2 /* Login */ = {
			isa = PBXGroup;
			children = (
				250AF1791F1A8430006039FD /* LoginViewController.swift */,
				250AF17B1F1A8430006039FD /* Login.storyboard */,
			);
			name = Login;
			sourceTree = "<group>";
		};
		253236E31F1AA40F00C98DA2 /* Profile */ = {
			isa = PBXGroup;
			children = (
				253236EA1F1AA86200C98DA2 /* Views */,
				253236E41F1AA42500C98DA2 /* ProfileViewController.swift */,
				253236E81F1AA43C00C98DA2 /* Profile.storyboard */,
			);
			name = Profile;
			sourceTree = "<group>";
		};
		253236EA1F1AA86200C98DA2 /* Views */ = {
			isa = PBXGroup;
			children = (
				253236EB1F1AA89A00C98DA2 /* ProfileAvatarTableViewCell.swift */,
				253236EC1F1AA89A00C98DA2 /* ProfileAvatarTableViewCell.xib */,
				253236EF1F1AB08D00C98DA2 /* ProfileNameLastnameTableViewCell.swift */,
				253236F01F1AB08D00C98DA2 /* ProfileNameLastnameTableViewCell.xib */,
				253236F31F1AC5AE00C98DA2 /* ProfileCalendarPlacesButtonsTableViewCell.swift */,
				253236F41F1AC5AE00C98DA2 /* ProfileCalendarPlacesButtonsTableViewCell.xib */,
			);
			name = Views;
			sourceTree = "<group>";
		};
		253236F71F1ACDD300C98DA2 /* Calendar */ = {
			isa = PBXGroup;
			children = (
				257A014E1F1AD97A003A9FF1 /* Views */,
				253236F81F1ACEBD00C98DA2 /* Calendar.storyboard */,
				253236FA1F1ACED800C98DA2 /* CalendarViewController.swift */,
			);
			name = Calendar;
			sourceTree = "<group>";
		};
		257A014E1F1AD97A003A9FF1 /* Views */ = {
			isa = PBXGroup;
			children = (
				257A014F1F1AD9A1003A9FF1 /* CalendarTableViewCell.swift */,
				257A01501F1AD9A1003A9FF1 /* CalendarTableViewCell.xib */,
			);
			name = Views;
			sourceTree = "<group>";
		};
		257A01571F1AF050003A9FF1 /* Events */ = {
			isa = PBXGroup;
			children = (
				257A01581F1AF067003A9FF1 /* Events.storyboard */,
				257A015A1F1AF09C003A9FF1 /* EventsViewController.swift */,
			);
			name = Events;
			sourceTree = "<group>";
		};
		621679687423A697073D788E /* Pods */ = {
			isa = PBXGroup;
			children = (
				08E9CE60A9E328BD1AEA3000 /* Pods-Hackathon2017.debug.xcconfig */,
				C47F9F3A5B8E363A7EE2BCB7 /* Pods-Hackathon2017.release.xcconfig */,
			);
			name = Pods;
			sourceTree = "<group>";
		};
		BE42EC331B37B4F9A5A2F07E /* Frameworks */ = {
			isa = PBXGroup;
			children = (
				9DD18AA911F76C2C9FE3C635 /* Pods_Hackathon2017.framework */,
			);
			name = Frameworks;
			sourceTree = "<group>";
		};
/* End PBXGroup section */

/* Begin PBXNativeTarget section */
		250AF1731F1A8430006039FD /* Hackathon2017 */ = {
			isa = PBXNativeTarget;
			buildConfigurationList = 250AF1861F1A8430006039FD /* Build configuration list for PBXNativeTarget "Hackathon2017" */;
			buildPhases = (
				C978ADBCC3A82F73547F8A5A /* [CP] Check Pods Manifest.lock */,
				250AF1701F1A8430006039FD /* Sources */,
				250AF1711F1A8430006039FD /* Frameworks */,
				250AF1721F1A8430006039FD /* Resources */,
				97E12F766B78E20E54D8BDE3 /* [CP] Embed Pods Frameworks */,
				0B6F6437F1D70529B45B8B70 /* [CP] Copy Pods Resources */,
			);
			buildRules = (
			);
			dependencies = (
			);
			name = Hackathon2017;
			productName = Hackathon2017;
			productReference = 250AF1741F1A8430006039FD /* Hackathon2017.app */;
			productType = "com.apple.product-type.application";
		};
/* End PBXNativeTarget section */

/* Begin PBXProject section */
		250AF16C1F1A8430006039FD /* Project object */ = {
			isa = PBXProject;
			attributes = {
				LastSwiftUpdateCheck = 0830;
				LastUpgradeCheck = 0830;
				ORGANIZATIONNAME = CzorneSalami;
				TargetAttributes = {
					250AF1731F1A8430006039FD = {
						CreatedOnToolsVersion = 8.3.3;
						DevelopmentTeam = ZWXZ79VNBK;
						ProvisioningStyle = Automatic;
					};
				};
			};
			buildConfigurationList = 250AF16F1F1A8430006039FD /* Build configuration list for PBXProject "Hackathon2017" */;
			compatibilityVersion = "Xcode 3.2";
			developmentRegion = English;
			hasScannedForEncodings = 0;
			knownRegions = (
				en,
				Base,
			);
			mainGroup = 250AF16B1F1A8430006039FD;
			productRefGroup = 250AF1751F1A8430006039FD /* Products */;
			projectDirPath = "";
			projectRoot = "";
			targets = (
				250AF1731F1A8430006039FD /* Hackathon2017 */,
			);
		};
/* End PBXProject section */

/* Begin PBXResourcesBuildPhase section */
		250AF1721F1A8430006039FD /* Resources */ = {
			isa = PBXResourcesBuildPhase;
			buildActionMask = 2147483647;
			files = (
				250AF1821F1A8430006039FD /* LaunchScreen.storyboard in Resources */,
				257A01521F1AD9A1003A9FF1 /* CalendarTableViewCell.xib in Resources */,
				253236F61F1AC5AE00C98DA2 /* ProfileCalendarPlacesButtonsTableViewCell.xib in Resources */,
				250AF17F1F1A8430006039FD /* Assets.xcassets in Resources */,
				253236F21F1AB08D00C98DA2 /* ProfileNameLastnameTableViewCell.xib in Resources */,
				253236F91F1ACEBD00C98DA2 /* Calendar.storyboard in Resources */,
				253236EE1F1AA89A00C98DA2 /* ProfileAvatarTableViewCell.xib in Resources */,
				253236E91F1AA43C00C98DA2 /* Profile.storyboard in Resources */,
				250AF17D1F1A8430006039FD /* Login.storyboard in Resources */,
				257A01591F1AF067003A9FF1 /* Events.storyboard in Resources */,
			);
			runOnlyForDeploymentPostprocessing = 0;
		};
/* End PBXResourcesBuildPhase section */

/* Begin PBXShellScriptBuildPhase section */
		0B6F6437F1D70529B45B8B70 /* [CP] Copy Pods Resources */ = {
			isa = PBXShellScriptBuildPhase;
			buildActionMask = 2147483647;
			files = (
			);
			inputPaths = (
			);
			name = "[CP] Copy Pods Resources";
			outputPaths = (
			);
			runOnlyForDeploymentPostprocessing = 0;
			shellPath = /bin/sh;
			shellScript = "\"${SRCROOT}/Pods/Target Support Files/Pods-Hackathon2017/Pods-Hackathon2017-resources.sh\"\n";
			showEnvVarsInLog = 0;
		};
		97E12F766B78E20E54D8BDE3 /* [CP] Embed Pods Frameworks */ = {
			isa = PBXShellScriptBuildPhase;
			buildActionMask = 2147483647;
			files = (
			);
			inputPaths = (
			);
			name = "[CP] Embed Pods Frameworks";
			outputPaths = (
			);
			runOnlyForDeploymentPostprocessing = 0;
			shellPath = /bin/sh;
			shellScript = "\"${SRCROOT}/Pods/Target Support Files/Pods-Hackathon2017/Pods-Hackathon2017-frameworks.sh\"\n";
			showEnvVarsInLog = 0;
		};
		C978ADBCC3A82F73547F8A5A /* [CP] Check Pods Manifest.lock */ = {
			isa = PBXShellScriptBuildPhase;
			buildActionMask = 2147483647;
			files = (
			);
			inputPaths = (
			);
			name = "[CP] Check Pods Manifest.lock";
			outputPaths = (
			);
			runOnlyForDeploymentPostprocessing = 0;
			shellPath = /bin/sh;
			shellScript = "diff \"${PODS_ROOT}/../Podfile.lock\" \"${PODS_ROOT}/Manifest.lock\" > /dev/null\nif [ $? != 0 ] ; then\n    # print error to STDERR\n    echo \"error: The sandbox is not in sync with the Podfile.lock. Run 'pod install' or update your CocoaPods installation.\" >&2\n    exit 1\nfi\n";
			showEnvVarsInLog = 0;
		};
/* End PBXShellScriptBuildPhase section */

/* Begin PBXSourcesBuildPhase section */
		250AF1701F1A8430006039FD /* Sources */ = {
			isa = PBXSourcesBuildPhase;
			buildActionMask = 2147483647;
			files = (
				253236FB1F1ACED800C98DA2 /* CalendarViewController.swift in Sources */,
				253236E21F1A9D3600C98DA2 /* CircularImage.swift in Sources */,
				250AF17A1F1A8430006039FD /* LoginViewController.swift in Sources */,
				253236F51F1AC5AE00C98DA2 /* ProfileCalendarPlacesButtonsTableViewCell.swift in Sources */,
				253236F11F1AB08D00C98DA2 /* ProfileNameLastnameTableViewCell.swift in Sources */,
				257A015B1F1AF09C003A9FF1 /* EventsViewController.swift in Sources */,
				253236E61F1AA42500C98DA2 /* ProfileViewController.swift in Sources */,
				250AF1781F1A8430006039FD /* AppDelegate.swift in Sources */,
				257A01541F1ADE32003A9FF1 /* UIColorHex.swift in Sources */,
				257A01561F1AE078003A9FF1 /* BorderedButton.swift in Sources */,
				253236ED1F1AA89A00C98DA2 /* ProfileAvatarTableViewCell.swift in Sources */,
				257A01511F1AD9A1003A9FF1 /* CalendarTableViewCell.swift in Sources */,
			);
			runOnlyForDeploymentPostprocessing = 0;
		};
/* End PBXSourcesBuildPhase section */

/* Begin PBXVariantGroup section */
		250AF17B1F1A8430006039FD /* Login.storyboard */ = {
			isa = PBXVariantGroup;
			children = (
				250AF17C1F1A8430006039FD /* Base */,
			);
			name = Login.storyboard;
			sourceTree = "<group>";
		};
		250AF1801F1A8430006039FD /* LaunchScreen.storyboard */ = {
			isa = PBXVariantGroup;
			children = (
				250AF1811F1A8430006039FD /* Base */,
			);
			name = LaunchScreen.storyboard;
			sourceTree = "<group>";
		};
/* End PBXVariantGroup section */

/* Begin XCBuildConfiguration section */
		250AF1841F1A8430006039FD /* Debug */ = {
			isa = XCBuildConfiguration;
			buildSettings = {
				ALWAYS_SEARCH_USER_PATHS = NO;
				CLANG_ANALYZER_NONNULL = YES;
				CLANG_ANALYZER_NUMBER_OBJECT_CONVERSION = YES_AGGRESSIVE;
				CLANG_CXX_LANGUAGE_STANDARD = "gnu++0x";
				CLANG_CXX_LIBRARY = "libc++";
				CLANG_ENABLE_MODULES = YES;
				CLANG_ENABLE_OBJC_ARC = YES;
				CLANG_WARN_BOOL_CONVERSION = YES;
				CLANG_WARN_CONSTANT_CONVERSION = YES;
				CLANG_WARN_DIRECT_OBJC_ISA_USAGE = YES_ERROR;
				CLANG_WARN_DOCUMENTATION_COMMENTS = YES;
				CLANG_WARN_EMPTY_BODY = YES;
				CLANG_WARN_ENUM_CONVERSION = YES;
				CLANG_WARN_INFINITE_RECURSION = YES;
				CLANG_WARN_INT_CONVERSION = YES;
				CLANG_WARN_OBJC_ROOT_CLASS = YES_ERROR;
				CLANG_WARN_SUSPICIOUS_MOVE = YES;
				CLANG_WARN_UNREACHABLE_CODE = YES;
				CLANG_WARN__DUPLICATE_METHOD_MATCH = YES;
				"CODE_SIGN_IDENTITY[sdk=iphoneos*]" = "iPhone Developer";
				COPY_PHASE_STRIP = NO;
				DEBUG_INFORMATION_FORMAT = dwarf;
				ENABLE_STRICT_OBJC_MSGSEND = YES;
				ENABLE_TESTABILITY = YES;
				GCC_C_LANGUAGE_STANDARD = gnu99;
				GCC_DYNAMIC_NO_PIC = NO;
				GCC_NO_COMMON_BLOCKS = YES;
				GCC_OPTIMIZATION_LEVEL = 0;
				GCC_PREPROCESSOR_DEFINITIONS = (
					"DEBUG=1",
					"$(inherited)",
				);
				GCC_WARN_64_TO_32_BIT_CONVERSION = YES;
				GCC_WARN_ABOUT_RETURN_TYPE = YES_ERROR;
				GCC_WARN_UNDECLARED_SELECTOR = YES;
				GCC_WARN_UNINITIALIZED_AUTOS = YES_AGGRESSIVE;
				GCC_WARN_UNUSED_FUNCTION = YES;
				GCC_WARN_UNUSED_VARIABLE = YES;
				IPHONEOS_DEPLOYMENT_TARGET = 10.3;
				MTL_ENABLE_DEBUG_INFO = YES;
				ONLY_ACTIVE_ARCH = YES;
				SDKROOT = iphoneos;
				SWIFT_ACTIVE_COMPILATION_CONDITIONS = DEBUG;
				SWIFT_OPTIMIZATION_LEVEL = "-Onone";
			};
			name = Debug;
		};
		250AF1851F1A8430006039FD /* Release */ = {
			isa = XCBuildConfiguration;
			buildSettings = {
				ALWAYS_SEARCH_USER_PATHS = NO;
				CLANG_ANALYZER_NONNULL = YES;
				CLANG_ANALYZER_NUMBER_OBJECT_CONVERSION = YES_AGGRESSIVE;
				CLANG_CXX_LANGUAGE_STANDARD = "gnu++0x";
				CLANG_CXX_LIBRARY = "libc++";
				CLANG_ENABLE_MODULES = YES;
				CLANG_ENABLE_OBJC_ARC = YES;
				CLANG_WARN_BOOL_CONVERSION = YES;
				CLANG_WARN_CONSTANT_CONVERSION = YES;
				CLANG_WARN_DIRECT_OBJC_ISA_USAGE = YES_ERROR;
				CLANG_WARN_DOCUMENTATION_COMMENTS = YES;
				CLANG_WARN_EMPTY_BODY = YES;
				CLANG_WARN_ENUM_CONVERSION = YES;
				CLANG_WARN_INFINITE_RECURSION = YES;
				CLANG_WARN_INT_CONVERSION = YES;
				CLANG_WARN_OBJC_ROOT_CLASS = YES_ERROR;
				CLANG_WARN_SUSPICIOUS_MOVE = YES;
				CLANG_WARN_UNREACHABLE_CODE = YES;
				CLANG_WARN__DUPLICATE_METHOD_MATCH = YES;
				"CODE_SIGN_IDENTITY[sdk=iphoneos*]" = "iPhone Developer";
				COPY_PHASE_STRIP = NO;
				DEBUG_INFORMATION_FORMAT = "dwarf-with-dsym";
				ENABLE_NS_ASSERTIONS = NO;
				ENABLE_STRICT_OBJC_MSGSEND = YES;
				GCC_C_LANGUAGE_STANDARD = gnu99;
				GCC_NO_COMMON_BLOCKS = YES;
				GCC_WARN_64_TO_32_BIT_CONVERSION = YES;
				GCC_WARN_ABOUT_RETURN_TYPE = YES_ERROR;
				GCC_WARN_UNDECLARED_SELECTOR = YES;
				GCC_WARN_UNINITIALIZED_AUTOS = YES_AGGRESSIVE;
				GCC_WARN_UNUSED_FUNCTION = YES;
				GCC_WARN_UNUSED_VARIABLE = YES;
				IPHONEOS_DEPLOYMENT_TARGET = 10.3;
				MTL_ENABLE_DEBUG_INFO = NO;
				SDKROOT = iphoneos;
				SWIFT_OPTIMIZATION_LEVEL = "-Owholemodule";
				VALIDATE_PRODUCT = YES;
			};
			name = Release;
		};
		250AF1871F1A8430006039FD /* Debug */ = {
			isa = XCBuildConfiguration;
			baseConfigurationReference = 08E9CE60A9E328BD1AEA3000 /* Pods-Hackathon2017.debug.xcconfig */;
			buildSettings = {
				ASSETCATALOG_COMPILER_APPICON_NAME = AppIcon;
				DEVELOPMENT_TEAM = ZWXZ79VNBK;
				INFOPLIST_FILE = Hackathon2017/Info.plist;
				LD_RUNPATH_SEARCH_PATHS = "$(inherited) @executable_path/Frameworks";
				PRODUCT_BUNDLE_IDENTIFIER = com.czornesalami.Hackathon2017;
				PRODUCT_NAME = "$(TARGET_NAME)";
				SWIFT_VERSION = 3.0;
			};
			name = Debug;
		};
		250AF1881F1A8430006039FD /* Release */ = {
			isa = XCBuildConfiguration;
			baseConfigurationReference = C47F9F3A5B8E363A7EE2BCB7 /* Pods-Hackathon2017.release.xcconfig */;
			buildSettings = {
				ASSETCATALOG_COMPILER_APPICON_NAME = AppIcon;
				DEVELOPMENT_TEAM = ZWXZ79VNBK;
				INFOPLIST_FILE = Hackathon2017/Info.plist;
				LD_RUNPATH_SEARCH_PATHS = "$(inherited) @executable_path/Frameworks";
				PRODUCT_BUNDLE_IDENTIFIER = com.czornesalami.Hackathon2017;
				PRODUCT_NAME = "$(TARGET_NAME)";
				SWIFT_VERSION = 3.0;
			};
			name = Release;
		};
/* End XCBuildConfiguration section */

/* Begin XCConfigurationList section */
		250AF16F1F1A8430006039FD /* Build configuration list for PBXProject "Hackathon2017" */ = {
			isa = XCConfigurationList;
			buildConfigurations = (
				250AF1841F1A8430006039FD /* Debug */,
				250AF1851F1A8430006039FD /* Release */,
			);
			defaultConfigurationIsVisible = 0;
			defaultConfigurationName = Release;
		};
		250AF1861F1A8430006039FD /* Build configuration list for PBXNativeTarget "Hackathon2017" */ = {
			isa = XCConfigurationList;
			buildConfigurations = (
				250AF1871F1A8430006039FD /* Debug */,
				250AF1881F1A8430006039FD /* Release */,
			);
			defaultConfigurationIsVisible = 0;
			defaultConfigurationName = Release;
		};
/* End XCConfigurationList section */
	};
	rootObject = 250AF16C1F1A8430006039FD /* Project object */;
}
